[{<<"eqwalizer_support">>,
  {git_subdir,"https://github.com/whatsapp/eqwalizer.git",
              {ref,"01f151ca206bb019db0999a2c9c8c8aaae79bbab"},
              "eqwalizer_support"},
  0},
 {<<"nbtea">>,
  {git,"https://github.com/apex-hinde/nbtea",
       {ref,"f265adc1caa5ebb9565c1de2ff1288c678889838"}},
  0}].
